{
    "_meta": {
        "hash": {
            "sha256": "30d9f2f2c1da225c7f252272873d48b68775280c7b39a455a55d8cd57586fdcd"
        },
        "pipfile-spec": 6,
        "requires": {
            "python_version": "3.6"
        },
        "sources": [
            {
                "name": "pypi",
                "url": "https://pypi.org/simple",
                "verify_ssl": true
            }
        ]
    },
    "default": {
        "arrow": {
            "hashes": [
                "sha256:a558d3b7b6ce7ffc74206a86c147052de23d3d4ef0e17c210dd478c53575c4cd"
            ],
            "index": "pypi",
            "version": "==0.12.1"
        },
        "bleach": {
            "hashes": [
                "sha256:b8fa79e91f96c2c2cd9fd1f9eda906efb1b88b483048978ba62fef680e962b34",
                "sha256:eb7386f632349d10d9ce9d4a838b134d4731571851149f9cc2c05a9a837a9a44"
            ],
            "index": "pypi",
            "version": "==2.1.3"
        },
        "certifi": {
            "hashes": [
                "sha256:47f9c83ef4c0c621eaef743f133f09fa8a74a9b75f037e8624f83bd1b6626cb7",
                "sha256:993f830721089fef441cdfeb4b2c8c9df86f0c63239f06bd025a76a7daddb033"
            ],
            "version": "==2018.11.29"
        },
        "chardet": {
            "hashes": [
                "sha256:84ab92ed1c4d4f16916e05906b6b75a6c0fb5db821cc65e70cbd64a3e2a5eaae",
                "sha256:fc323ffcaeaed0e0a02bf4d117757b98aed530d9ed4531e3e15460124c106691"
            ],
            "version": "==3.0.4"
        },
        "emoji": {
            "hashes": [
                "sha256:001b92b9c8a157e1ca49187745fa450513bc8b31c87328dfd83d674b9d7dfa63"
            ],
            "index": "pypi",
            "version": "==0.5.0"
        },
        "feedgen": {
            "hashes": [
                "sha256:82c9e29884e137c3e3e7959a02f142d1f7a46cd387d572e9e40150112a27604f"
            ],
            "index": "pypi",
            "version": "==0.7.0"
        },
        "html5lib": {
            "hashes": [
                "sha256:20b159aa3badc9d5ee8f5c647e5efd02ed2a66ab8d354930bd9ff139fc1dc0a3",
                "sha256:66cb0dcfdbbc4f9c3ba1a63fdb511ffdbd4f513b2b6d81b80cd26ce6b3fb3736"
            ],
            "version": "==1.0.1"
        },
        "idna": {
            "hashes": [
                "sha256:156a6814fb5ac1fc6850fb002e0852d56c0c8d2531923a51032d1b70760e186e",
                "sha256:684a38a6f903c1d71d6d5fac066b58d7768af4de2b832e426ec79c30daa94a16"
            ],
            "version": "==2.7"
        },
        "jinja2": {
            "hashes": [
                "sha256:74c935a1b8bb9a3947c50a54766a969d4846290e1e788ea44c1392163723c3bd",
                "sha256:f84be1bb0040caca4cea721fcbbbbd61f9be9464ca236387158b0feea01914a4"
            ],
            "index": "pypi",
            "version": "==2.10"
        },
        "langdetect": {
            "hashes": [
                "sha256:91a170d5f0ade380db809b3ba67f08e95fe6c6c8641f96d67a51ff7e98a9bf30"
            ],
            "index": "pypi",
            "version": "==1.0.7"
        },
        "lxml": {
            "hashes": [
                "sha256:02bc220d61f46e9b9d5a53c361ef95e9f5e1d27171cd461dddb17677ae2289a5",
                "sha256:22f253b542a342755f6cfc047fe4d3a296515cf9b542bc6e261af45a80b8caf6",
                "sha256:2f31145c7ff665b330919bfa44aacd3a0211a76ca7e7b441039d2a0b0451e415",
                "sha256:36720698c29e7a9626a0dc802ef8885f8f0239bfd1689628ecd459a061f2807f",
                "sha256:438a1b0203545521f6616132bfe0f4bca86f8a401364008b30e2b26ec408ce85",
                "sha256:4815892904c336bbaf73dafd54f45f69f4021c22b5bad7332176bbf4fb830568",
                "sha256:5be031b0f15ad63910d8e5038b489d95a79929513b3634ad4babf77100602588",
                "sha256:5c93ae37c3c588e829b037fdfbd64a6e40c901d3f93f7beed6d724c44829a3ad",
                "sha256:60842230678674cdac4a1cf0f707ef12d75b9a4fc4a565add4f710b5fcf185d5",
                "sha256:62939a8bb6758d1bf923aa1c13f0bcfa9bf5b2fc0f5fa917a6e25db5fe0cfa4e",
                "sha256:75830c06a62fe7b8fe3bbb5f269f0b308f19f3949ac81cfd40062f47c1455faf",
                "sha256:81992565b74332c7c1aff6a913a3e906771aa81c9d0c68c68113cffcae45bc53",
                "sha256:8c892fb0ee52c594d9a7751c7d7356056a9682674b92cc1c4dc968ff0f30c52f",
                "sha256:9d862e3cf4fc1f2837dedce9c42269c8c76d027e49820a548ac89fdcee1e361f",
                "sha256:a623965c086a6e91bb703d4da62dabe59fe88888e82c4117d544e11fd74835d6",
                "sha256:a7783ab7f6a508b0510490cef9f857b763d796ba7476d9703f89722928d1e113",
                "sha256:aab09fbe8abfa3b9ce62aaf45aca2d28726b1b9ee44871dbe644050a2fff4940",
                "sha256:abf181934ac3ef193832fb973fd7f6149b5c531903c2ec0f1220941d73eee601",
                "sha256:ae07fa0c115733fce1e9da96a3ac3fa24801742ca17e917e0c79d63a01eeb843",
                "sha256:b9c78242219f674ab645ec571c9a95d70f381319a23911941cd2358a8e0521cf",
                "sha256:bccb267678b870d9782c3b44d0cefe3ba0e329f9af8c946d32bf3778e7a4f271",
                "sha256:c4df4d27f4c93b2cef74579f00b1d3a31a929c7d8023f870c4b476f03a274db4",
                "sha256:caf0e50b546bb60dfa99bb18dfa6748458a83131ecdceaf5c071d74907e7e78a",
                "sha256:d3266bd3ac59ac4edcd5fa75165dee80b94a3e5c91049df5f7c057ccf097551c",
                "sha256:db0d213987bcd4e6d41710fb4532b22315b0d8fb439ff901782234456556aed1",
                "sha256:dbbd5cf7690a40a9f0a9325ab480d0fccf46d16b378eefc08e195d84299bfae1",
                "sha256:e16e07a0ec3a75b5ee61f2b1003c35696738f937dc8148fbda9fe2147ccb6e61",
                "sha256:e175a006725c7faadbe69e791877d09936c0ef2cf49d01b60a6c1efcb0e8be6f",
                "sha256:edd9c13a97f6550f9da2236126bb51c092b3b1ce6187f2bd966533ad794bbb5e",
                "sha256:fa39ea60d527fbdd94215b5e5552f1c6a912624521093f1384a491a8ad89ad8b"
            ],
            "version": "==4.2.5"
        },
        "markupsafe": {
            "hashes": [
                "sha256:048ef924c1623740e70204aa7143ec592504045ae4429b59c30054cb31e3c432",
                "sha256:130f844e7f5bdd8e9f3f42e7102ef1d49b2e6fdf0d7526df3f87281a532d8c8b",
                "sha256:19f637c2ac5ae9da8bfd98cef74d64b7e1bb8a63038a3505cd182c3fac5eb4d9",
                "sha256:1b8a7a87ad1b92bd887568ce54b23565f3fd7018c4180136e1cf412b405a47af",
                "sha256:1c25694ca680b6919de53a4bb3bdd0602beafc63ff001fea2f2fc16ec3a11834",
                "sha256:1f19ef5d3908110e1e891deefb5586aae1b49a7440db952454b4e281b41620cd",
                "sha256:1fa6058938190ebe8290e5cae6c351e14e7bb44505c4a7624555ce57fbbeba0d",
                "sha256:31cbb1359e8c25f9f48e156e59e2eaad51cd5242c05ed18a8de6dbe85184e4b7",
                "sha256:3e835d8841ae7863f64e40e19477f7eb398674da6a47f09871673742531e6f4b",
                "sha256:4e97332c9ce444b0c2c38dd22ddc61c743eb208d916e4265a2a3b575bdccb1d3",
                "sha256:525396ee324ee2da82919f2ee9c9e73b012f23e7640131dd1b53a90206a0f09c",
                "sha256:52b07fbc32032c21ad4ab060fec137b76eb804c4b9a1c7c7dc562549306afad2",
                "sha256:52ccb45e77a1085ec5461cde794e1aa037df79f473cbc69b974e73940655c8d7",
                "sha256:5c3fbebd7de20ce93103cb3183b47671f2885307df4a17a0ad56a1dd51273d36",
                "sha256:5e5851969aea17660e55f6a3be00037a25b96a9b44d2083651812c99d53b14d1",
                "sha256:5edfa27b2d3eefa2210fb2f5d539fbed81722b49f083b2c6566455eb7422fd7e",
                "sha256:7d263e5770efddf465a9e31b78362d84d015cc894ca2c131901a4445eaa61ee1",
                "sha256:83381342bfc22b3c8c06f2dd93a505413888694302de25add756254beee8449c",
                "sha256:857eebb2c1dc60e4219ec8e98dfa19553dae33608237e107db9c6078b1167856",
                "sha256:98e439297f78fca3a6169fd330fbe88d78b3bb72f967ad9961bcac0d7fdd1550",
                "sha256:bf54103892a83c64db58125b3f2a43df6d2cb2d28889f14c78519394feb41492",
                "sha256:d9ac82be533394d341b41d78aca7ed0e0f4ba5a2231602e2f05aa87f25c51672",
                "sha256:e982fe07ede9fada6ff6705af70514a52beb1b2c3d25d4e873e82114cf3c5401",
                "sha256:edce2ea7f3dfc981c4ddc97add8a61381d9642dc3273737e756517cc03e84dd6",
                "sha256:efdc45ef1afc238db84cb4963aa689c0408912a0239b0721cb172b4016eb31d6",
                "sha256:f137c02498f8b935892d5c0172560d7ab54bc45039de8805075e19079c639a9c",
                "sha256:f82e347a72f955b7017a39708a3667f106e6ad4d10b25f237396a7115d8ed5fd",
                "sha256:fb7c206e01ad85ce57feeaaa0bf784b97fa3cad0d4a5737bc5295785f5c613a1"
            ],
            "version": "==1.1.0"
        },
        "python-dateutil": {
            "hashes": [
                "sha256:063df5763652e21de43de7d9e00ccf239f953a832941e37be541614732cdfc93",
                "sha256:88f9287c0174266bb0d8cedd395cfba9c58e87e5ad86b2ce58859bc11be3cf02"
            ],
            "version": "==2.7.5"
        },
        "python-frontmatter": {
            "hashes": [
                "sha256:aaae49ad0197d08ec937c1695cf787c2116af4c717b811d263401331a07f79c1"
            ],
            "index": "pypi",
            "version": "==0.4.2"
        },
        "pyyaml": {
            "hashes": [
                "sha256:3d7da3009c0f3e783b2c873687652d83b1bbfd5c88e9813fb7e5b03c0dd3108b",
                "sha256:3ef3092145e9b70e3ddd2c7ad59bdd0252a94dfe3949721633e41344de00a6bf",
                "sha256:40c71b8e076d0550b2e6380bada1f1cd1017b882f7e16f09a65be98e017f211a",
                "sha256:558dd60b890ba8fd982e05941927a3911dc409a63dcb8b634feaa0cda69330d3",
                "sha256:a7c28b45d9f99102fa092bb213aa12e0aaf9a6a1f5e395d36166639c1f96c3a1",
                "sha256:aa7dd4a6a427aed7df6fb7f08a580d68d9b118d90310374716ae90b710280af1",
                "sha256:bc558586e6045763782014934bfaf39d48b8ae85a2713117d16c39864085c613",
                "sha256:d46d7982b62e0729ad0175a9bc7e10a566fc07b224d2c79fafb5e032727eaa04",
                "sha256:d5eef459e30b09f5a098b9cea68bebfeb268697f78d647bd255a085371ac7f3f",
                "sha256:e01d3203230e1786cd91ccfdc8f8454c8069c91bee3962ad93b87a4b2860f537",
                "sha256:e170a9e6fcfd19021dd29845af83bb79236068bf5fd4df3327c1be18182b2531"
            ],
            "version": "==3.13"
        },
        "requests": {
            "hashes": [
                "sha256:63b52e3c866428a224f97cab011de738c36aec0185aa91cfacd418b5d58911d1",
                "sha256:ec22d826a36ed72a7358ff3fe56cbd4ba69dd7a6718ffd450ff0e9df7a47ce6a"
            ],
            "index": "pypi",
            "version": "==2.19.1"
        },
        "six": {
            "hashes": [
                "sha256:70e8a77beed4562e7f14fe23a786b54f6296e34344c23bc42f07b15018ff98e9",
                "sha256:832dc0e10feb1aa2c68dcc57dbb658f1c7e65b9b61af69048abc87a2db00a0eb"
            ],
            "version": "==1.11.0"
        },
        "unicode-slugify": {
            "hashes": [
                "sha256:34cf3afefa6480efe705a4fc0eaeeaf7f49754aec322ba3e8b2f27dc1cbcf650"
            ],
            "index": "pypi",
            "version": "==0.1.3"
        },
        "unidecode": {
            "hashes": [
                "sha256:092cdf7ad9d1052c50313426a625b717dab52f7ac58f859e09ea020953b1ad8f",
                "sha256:8b85354be8fd0c0e10adbf0675f6dc2310e56fda43fa8fe049123b6c475e52fb"
            ],
            "version": "==1.0.23"
        },
        "urllib3": {
            "hashes": [
                "sha256:a68ac5e15e76e7e5dd2b8f94007233e01effe3e50e8daddf69acfd81cb686baf",
                "sha256:b5725a0bd4ba422ab0e66e89e030c806576753ea3ee08554382c14e685d117b5"
            ],
            "version": "==1.23"
        },
        "wand": {
            "hashes": [
                "sha256:28e0454c9d16d69c5d5034918d96320d8f9f1377b4fdaf4944eec2f938c74704",
                "sha256:fb50d0ad4cad995f0b59b13f76bced22682ab80b4299084a2c3c535b225850c9"
            ],
            "index": "pypi",
            "version": "==0.4.4"
        },
        "webencodings": {
            "hashes": [
                "sha256:a0af1213f3c2226497a97e2b3aa01a7e4bee4f403f95be16fc9acd2947514a78",
                "sha256:b36a1c245f2d304965eb4e0a82848379241dc04b865afcc4aab16748587e1923"
            ],
            "version": "==0.5.1"
        }
    },
    "develop": {}
}
